
Microsoft Visual Studio Solution File, Format Version 12.00
# Visual Studio Version 17
VisualStudioVersion = 17.8.34330.188
MinimumVisualStudioVersion = 10.0.40219.1
Project("{FAE04EC0-301F-11D3-BF4B-00C04F79EFBC}") = "ConsoleApp1", "ConsoleApp1\ConsoleApp1.csproj", "{05975AAD-DC37-4BAA-931D-D331F82F8F89}"
EndProject
Project("{FAE04EC0-301F-11D3-BF4B-00C04F79EFBC}") = "Practico2", "Practico2\Practico2.csproj", "{6EAC63C3-CBE6-4BB1-A424-4CD1524B8050}"
EndProject
Project("{FAE04EC0-301F-11D3-BF4B-00C04F79EFBC}") = "Propertiess", "Propertiess\Propertiess.csproj", "{26D9AE78-2E90-49C1-865C-112D89161592}"
EndProject
Project("{FAE04EC0-301F-11D3-BF4B-00C04F79EFBC}") = "Genericos", "Genericos\Genericos.csproj", "{F42C1AD5-281C-48B2-A10E-2A3DB2CE1ACC}"
EndProject
Project("{FAE04EC0-301F-11D3-BF4B-00C04F79EFBC}") = "GenericosRestricciones", "GenericosRestricciones\GenericosRestricciones.csproj", "{A86ECC3F-6419-4466-A399-AB8F6A20BD80}"
EndProject
Project("{FAE04EC0-301F-11D3-BF4B-00C04F79EFBC}") = "Colecciones", "Colecciones\Colecciones.csproj", "{98E6C7F4-3821-41E4-90CA-5AB6D8CA8ADA}"
EndProject
Project("{FAE04EC0-301F-11D3-BF4B-00C04F79EFBC}") = "DelegadosPredicadosLambdas", "DelegadosPredicadosLambdas\DelegadosPredicadosLambdas.csproj", "{1E646BF6-43F0-4A2C-A18C-3610575BC22B}"
EndProject
Project("{FAE04EC0-301F-11D3-BF4B-00C04F79EFBC}") = "ExpresionesRegulares", "ExpresionesRegulares\ExpresionesRegulares.csproj", "{75D50D06-DF37-4025-942E-EEF0B858E941}"
EndProject
Project("{9A19103F-16F7-4668-BE54-9A1E7A4F7556}") = "InterfazInicial", "InterfazInicial\InterfazInicial.csproj", "{56587F6E-8777-4E04-BDF1-B96E2CCF77D2}"
EndProject
Project("{9A19103F-16F7-4668-BE54-9A1E7A4F7556}") = "DataBinding", "DataBinding\DataBinding.csproj", "{E72CF72D-EBB7-4CC4-9266-83BC02C8FEF0}"
EndProject
Project("{9A19103F-16F7-4668-BE54-9A1E7A4F7556}") = "INotifyPropertyC", "INotifyPropertyC\INotifyPropertyC.csproj", "{8CFA35FD-6837-4FFA-9CBF-1D0CA383F863}"
EndProject
Project("{FAE04EC0-301F-11D3-BF4B-00C04F79EFBC}") = "ListBox", "ListBox\ListBox.csproj", "{0367A8B3-DF9C-4C16-8041-11172B24BA27}"
EndProject
Project("{FAE04EC0-301F-11D3-BF4B-00C04F79EFBC}") = "ComboBoxCheckBox", "ComboBoxCheckBox\ComboBoxCheckBox.csproj", "{057C1046-3F75-47C8-A5DF-8EF43FBF71F3}"
EndProject
Project("{FAE04EC0-301F-11D3-BF4B-00C04F79EFBC}") = "RadioBtn", "RadioBtn\RadioBtn.csproj", "{610713B9-C59D-496F-A562-01440F82F7C2}"
EndProject
Project("{FAE04EC0-301F-11D3-BF4B-00C04F79EFBC}") = "ConexionGestionPedidos", "ConexionGestionPedidos\ConexionGestionPedidos.csproj", "{3FFB6F31-7582-4E47-8394-24733038D004}"
EndProject
Project("{FAE04EC0-301F-11D3-BF4B-00C04F79EFBC}") = "App Linq de Prueba", "App Linq de Prueba\App Linq de Prueba.csproj", "{215E315A-EF5F-4FA6-BB67-20D9F5F15A60}"
EndProject
Project("{FAE04EC0-301F-11D3-BF4B-00C04F79EFBC}") = "Linq con Objetos", "Linq con Objetos\Linq con Objetos.csproj", "{44D03322-1307-4012-8D3A-471BDDADE7D7}"
EndProject
Project("{FAE04EC0-301F-11D3-BF4B-00C04F79EFBC}") = "CrudLinq", "CrudLinq\CrudLinq.csproj", "{66641F30-0364-4F17-8C68-762521457CF1}"
EndProject
Global
	GlobalSection(SolutionConfigurationPlatforms) = preSolution
		Debug|Any CPU = Debug|Any CPU
		Release|Any CPU = Release|Any CPU
	EndGlobalSection
	GlobalSection(ProjectConfigurationPlatforms) = postSolution
		{05975AAD-DC37-4BAA-931D-D331F82F8F89}.Debug|Any CPU.ActiveCfg = Debug|Any CPU
		{05975AAD-DC37-4BAA-931D-D331F82F8F89}.Debug|Any CPU.Build.0 = Debug|Any CPU
		{05975AAD-DC37-4BAA-931D-D331F82F8F89}.Release|Any CPU.ActiveCfg = Release|Any CPU
		{05975AAD-DC37-4BAA-931D-D331F82F8F89}.Release|Any CPU.Build.0 = Release|Any CPU
		{6EAC63C3-CBE6-4BB1-A424-4CD1524B8050}.Debug|Any CPU.ActiveCfg = Debug|Any CPU
		{6EAC63C3-CBE6-4BB1-A424-4CD1524B8050}.Debug|Any CPU.Build.0 = Debug|Any CPU
		{6EAC63C3-CBE6-4BB1-A424-4CD1524B8050}.Release|Any CPU.ActiveCfg = Release|Any CPU
		{6EAC63C3-CBE6-4BB1-A424-4CD1524B8050}.Release|Any CPU.Build.0 = Release|Any CPU
		{26D9AE78-2E90-49C1-865C-112D89161592}.Debug|Any CPU.ActiveCfg = Debug|Any CPU
		{26D9AE78-2E90-49C1-865C-112D89161592}.Debug|Any CPU.Build.0 = Debug|Any CPU
		{26D9AE78-2E90-49C1-865C-112D89161592}.Release|Any CPU.ActiveCfg = Release|Any CPU
		{26D9AE78-2E90-49C1-865C-112D89161592}.Release|Any CPU.Build.0 = Release|Any CPU
		{F42C1AD5-281C-48B2-A10E-2A3DB2CE1ACC}.Debug|Any CPU.ActiveCfg = Debug|Any CPU
		{F42C1AD5-281C-48B2-A10E-2A3DB2CE1ACC}.Debug|Any CPU.Build.0 = Debug|Any CPU
		{F42C1AD5-281C-48B2-A10E-2A3DB2CE1ACC}.Release|Any CPU.ActiveCfg = Release|Any CPU
		{F42C1AD5-281C-48B2-A10E-2A3DB2CE1ACC}.Release|Any CPU.Build.0 = Release|Any CPU
		{A86ECC3F-6419-4466-A399-AB8F6A20BD80}.Debug|Any CPU.ActiveCfg = Debug|Any CPU
		{A86ECC3F-6419-4466-A399-AB8F6A20BD80}.Debug|Any CPU.Build.0 = Debug|Any CPU
		{A86ECC3F-6419-4466-A399-AB8F6A20BD80}.Release|Any CPU.ActiveCfg = Release|Any CPU
		{A86ECC3F-6419-4466-A399-AB8F6A20BD80}.Release|Any CPU.Build.0 = Release|Any CPU
		{98E6C7F4-3821-41E4-90CA-5AB6D8CA8ADA}.Debug|Any CPU.ActiveCfg = Debug|Any CPU
		{98E6C7F4-3821-41E4-90CA-5AB6D8CA8ADA}.Debug|Any CPU.Build.0 = Debug|Any CPU
		{98E6C7F4-3821-41E4-90CA-5AB6D8CA8ADA}.Release|Any CPU.ActiveCfg = Release|Any CPU
		{98E6C7F4-3821-41E4-90CA-5AB6D8CA8ADA}.Release|Any CPU.Build.0 = Release|Any CPU
		{1E646BF6-43F0-4A2C-A18C-3610575BC22B}.Debug|Any CPU.ActiveCfg = Debug|Any CPU
		{1E646BF6-43F0-4A2C-A18C-3610575BC22B}.Debug|Any CPU.Build.0 = Debug|Any CPU
		{1E646BF6-43F0-4A2C-A18C-3610575BC22B}.Release|Any CPU.ActiveCfg = Release|Any CPU
		{1E646BF6-43F0-4A2C-A18C-3610575BC22B}.Release|Any CPU.Build.0 = Release|Any CPU
		{75D50D06-DF37-4025-942E-EEF0B858E941}.Debug|Any CPU.ActiveCfg = Debug|Any CPU
		{75D50D06-DF37-4025-942E-EEF0B858E941}.Debug|Any CPU.Build.0 = Debug|Any CPU
		{75D50D06-DF37-4025-942E-EEF0B858E941}.Release|Any CPU.ActiveCfg = Release|Any CPU
		{75D50D06-DF37-4025-942E-EEF0B858E941}.Release|Any CPU.Build.0 = Release|Any CPU
		{56587F6E-8777-4E04-BDF1-B96E2CCF77D2}.Debug|Any CPU.ActiveCfg = Debug|Any CPU
		{56587F6E-8777-4E04-BDF1-B96E2CCF77D2}.Debug|Any CPU.Build.0 = Debug|Any CPU
		{56587F6E-8777-4E04-BDF1-B96E2CCF77D2}.Release|Any CPU.ActiveCfg = Release|Any CPU
		{56587F6E-8777-4E04-BDF1-B96E2CCF77D2}.Release|Any CPU.Build.0 = Release|Any CPU
		{E72CF72D-EBB7-4CC4-9266-83BC02C8FEF0}.Debug|Any CPU.ActiveCfg = Debug|Any CPU
		{E72CF72D-EBB7-4CC4-9266-83BC02C8FEF0}.Debug|Any CPU.Build.0 = Debug|Any CPU
		{E72CF72D-EBB7-4CC4-9266-83BC02C8FEF0}.Release|Any CPU.ActiveCfg = Release|Any CPU
		{E72CF72D-EBB7-4CC4-9266-83BC02C8FEF0}.Release|Any CPU.Build.0 = Release|Any CPU
		{8CFA35FD-6837-4FFA-9CBF-1D0CA383F863}.Debug|Any CPU.ActiveCfg = Debug|Any CPU
		{8CFA35FD-6837-4FFA-9CBF-1D0CA383F863}.Debug|Any CPU.Build.0 = Debug|Any CPU
		{8CFA35FD-6837-4FFA-9CBF-1D0CA383F863}.Release|Any CPU.ActiveCfg = Release|Any CPU
		{8CFA35FD-6837-4FFA-9CBF-1D0CA383F863}.Release|Any CPU.Build.0 = Release|Any CPU
		{0367A8B3-DF9C-4C16-8041-11172B24BA27}.Debug|Any CPU.ActiveCfg = Debug|Any CPU
		{0367A8B3-DF9C-4C16-8041-11172B24BA27}.Debug|Any CPU.Build.0 = Debug|Any CPU
		{0367A8B3-DF9C-4C16-8041-11172B24BA27}.Release|Any CPU.ActiveCfg = Release|Any CPU
		{0367A8B3-DF9C-4C16-8041-11172B24BA27}.Release|Any CPU.Build.0 = Release|Any CPU
		{057C1046-3F75-47C8-A5DF-8EF43FBF71F3}.Debug|Any CPU.ActiveCfg = Debug|Any CPU
		{057C1046-3F75-47C8-A5DF-8EF43FBF71F3}.Debug|Any CPU.Build.0 = Debug|Any CPU
		{057C1046-3F75-47C8-A5DF-8EF43FBF71F3}.Release|Any CPU.ActiveCfg = Release|Any CPU
		{057C1046-3F75-47C8-A5DF-8EF43FBF71F3}.Release|Any CPU.Build.0 = Release|Any CPU
		{610713B9-C59D-496F-A562-01440F82F7C2}.Debug|Any CPU.ActiveCfg = Debug|Any CPU
		{610713B9-C59D-496F-A562-01440F82F7C2}.Debug|Any CPU.Build.0 = Debug|Any CPU
		{610713B9-C59D-496F-A562-01440F82F7C2}.Release|Any CPU.ActiveCfg = Release|Any CPU
		{610713B9-C59D-496F-A562-01440F82F7C2}.Release|Any CPU.Build.0 = Release|Any CPU
		{3FFB6F31-7582-4E47-8394-24733038D004}.Debug|Any CPU.ActiveCfg = Debug|Any CPU
		{3FFB6F31-7582-4E47-8394-24733038D004}.Debug|Any CPU.Build.0 = Debug|Any CPU
		{3FFB6F31-7582-4E47-8394-24733038D004}.Release|Any CPU.ActiveCfg = Release|Any CPU
		{3FFB6F31-7582-4E47-8394-24733038D004}.Release|Any CPU.Build.0 = Release|Any CPU
		{215E315A-EF5F-4FA6-BB67-20D9F5F15A60}.Debug|Any CPU.ActiveCfg = Debug|Any CPU
		{215E315A-EF5F-4FA6-BB67-20D9F5F15A60}.Debug|Any CPU.Build.0 = Debug|Any CPU
		{215E315A-EF5F-4FA6-BB67-20D9F5F15A60}.Release|Any CPU.ActiveCfg = Release|Any CPU
		{215E315A-EF5F-4FA6-BB67-20D9F5F15A60}.Release|Any CPU.Build.0 = Release|Any CPU
		{44D03322-1307-4012-8D3A-471BDDADE7D7}.Debug|Any CPU.ActiveCfg = Debug|Any CPU
		{44D03322-1307-4012-8D3A-471BDDADE7D7}.Debug|Any CPU.Build.0 = Debug|Any CPU
		{44D03322-1307-4012-8D3A-471BDDADE7D7}.Release|Any CPU.ActiveCfg = Release|Any CPU
		{44D03322-1307-4012-8D3A-471BDDADE7D7}.Release|Any CPU.Build.0 = Release|Any CPU
		{66641F30-0364-4F17-8C68-762521457CF1}.Debug|Any CPU.ActiveCfg = Debug|Any CPU
		{66641F30-0364-4F17-8C68-762521457CF1}.Debug|Any CPU.Build.0 = Debug|Any CPU
		{66641F30-0364-4F17-8C68-762521457CF1}.Release|Any CPU.ActiveCfg = Release|Any CPU
		{66641F30-0364-4F17-8C68-762521457CF1}.Release|Any CPU.Build.0 = Release|Any CPU
	EndGlobalSection
	GlobalSection(SolutionProperties) = preSolution
		HideSolutionNode = FALSE
	EndGlobalSection
	GlobalSection(ExtensibilityGlobals) = postSolution
		SolutionGuid = {EEA73E4F-E9EC-432D-BCD0-BF7590CCB61D}
	EndGlobalSection
EndGlobal
